
Microsoft Visual Studio Solution File, Format Version 12.00
# Visual Studio 2013
VisualStudioVersion = 12.0.21005.1
MinimumVisualStudioVersion = 10.0.40219.1
Project("{FAE04EC0-301F-11D3-BF4B-00C04F79EFBC}") = "FastTyping", "FastTyping\FastTyping.csproj", "{7FD05894-3EBA-4C58-94C2-F5BB8155FF67}"
EndProject
Global
	GlobalSection(SolutionConfigurationPlatforms) = preSolution
		Debug|Any CPU = Debug|Any CPU
		Release|Any CPU = Release|Any CPU
	EndGlobalSection
	GlobalSection(ProjectConfigurationPlatforms) = postSolution
		{7FD05894-3EBA-4C58-94C2-F5BB8155FF67}.Debug|Any CPU.ActiveCfg = Debug|Any CPU
		{7FD05894-3EBA-4C58-94C2-F5BB8155FF67}.Debug|Any CPU.Build.0 = Debug|Any CPU
		{7FD05894-3EBA-4C58-94C2-F5BB8155FF67}.Release|Any CPU.ActiveCfg = Release|Any CPU
		{7FD05894-3EBA-4C58-94C2-F5BB8155FF67}.Release|Any CPU.Build.0 = Release|Any CPU
	EndGlobalSection
	GlobalSection(SolutionProperties) = preSolution
		HideSolutionNode = FALSE
	EndGlobalSection
EndGlobal
